
Microsoft Visual Studio Solution File, Format Version 12.00
# Visual Studio Version 17
VisualStudioVersion = 17.7.34202.233
MinimumVisualStudioVersion = 10.0.40219.1
Project("{FAE04EC0-301F-11D3-BF4B-00C04F79EFBC}") = "dsa_buoi5", "dsa_buoi5.csproj", "{F3E39C3D-9AAA-4740-86B4-19990975706C}"
EndProject
Global
	GlobalSection(SolutionConfigurationPlatforms) = preSolution
		Debug|Any CPU = Debug|Any CPU
		Release|Any CPU = Release|Any CPU
	EndGlobalSection
	GlobalSection(ProjectConfigurationPlatforms) = postSolution
		{F3E39C3D-9AAA-4740-86B4-19990975706C}.Debug|Any CPU.ActiveCfg = Debug|Any CPU
		{F3E39C3D-9AAA-4740-86B4-19990975706C}.Debug|Any CPU.Build.0 = Debug|Any CPU
		{F3E39C3D-9AAA-4740-86B4-19990975706C}.Release|Any CPU.ActiveCfg = Release|Any CPU
		{F3E39C3D-9AAA-4740-86B4-19990975706C}.Release|Any CPU.Build.0 = Release|Any CPU
	EndGlobalSection
	GlobalSection(SolutionProperties) = preSolution
		HideSolutionNode = FALSE
	EndGlobalSection
	GlobalSection(ExtensibilityGlobals) = postSolution
		SolutionGuid = {2FA73456-6E7D-49C9-987F-611DCFBD8D13}
	EndGlobalSection
EndGlobal
