
Microsoft Visual Studio Solution File, Format Version 12.00
# Visual Studio Version 17
VisualStudioVersion = 17.7.34202.233
MinimumVisualStudioVersion = 10.0.40219.1
Project("{FAE04EC0-301F-11D3-BF4B-00C04F79EFBC}") = "31211022442_PhanLeTuMy", "31211022442_PhanLeTuMy.csproj", "{023B69AA-7C5C-48ED-8FEB-6AB929A736B5}"
EndProject
Global
	GlobalSection(SolutionConfigurationPlatforms) = preSolution
		Debug|Any CPU = Debug|Any CPU
		Release|Any CPU = Release|Any CPU
	EndGlobalSection
	GlobalSection(ProjectConfigurationPlatforms) = postSolution
		{023B69AA-7C5C-48ED-8FEB-6AB929A736B5}.Debug|Any CPU.ActiveCfg = Debug|Any CPU
		{023B69AA-7C5C-48ED-8FEB-6AB929A736B5}.Debug|Any CPU.Build.0 = Debug|Any CPU
		{023B69AA-7C5C-48ED-8FEB-6AB929A736B5}.Release|Any CPU.ActiveCfg = Release|Any CPU
		{023B69AA-7C5C-48ED-8FEB-6AB929A736B5}.Release|Any CPU.Build.0 = Release|Any CPU
	EndGlobalSection
	GlobalSection(SolutionProperties) = preSolution
		HideSolutionNode = FALSE
	EndGlobalSection
	GlobalSection(ExtensibilityGlobals) = postSolution
		SolutionGuid = {30B9B347-A7E2-4439-9805-03BBA5E6644C}
	EndGlobalSection
EndGlobal
